// !$*UTF8*$!
{
	archiveVersion = 1;
	classes = {
	};
	objectVersion = 50;
	objects = {

/* Begin PBXBuildFile section */
		20A22DDE3AC43A46A9BC424D /* libPods-MvvmDemo.a in Frameworks */ = {isa = PBXBuildFile; fileRef = FCAC5634EB222A0976772443 /* libPods-MvvmDemo.a */; };
		9226AC3221AD34320084B166 /* AppDelegate.m in Sources */ = {isa = PBXBuildFile; fileRef = 9226AC3121AD34320084B166 /* AppDelegate.m */; };
		9226AC3521AD34320084B166 /* ViewController.m in Sources */ = {isa = PBXBuildFile; fileRef = 9226AC3421AD34320084B166 /* ViewController.m */; };
		9226AC3821AD34320084B166 /* Main.storyboard in Resources */ = {isa = PBXBuildFile; fileRef = 9226AC3621AD34320084B166 /* Main.storyboard */; };
		9226AC3A21AD34340084B166 /* Assets.xcassets in Resources */ = {isa = PBXBuildFile; fileRef = 9226AC3921AD34340084B166 /* Assets.xcassets */; };
		9226AC3D21AD34340084B166 /* LaunchScreen.storyboard in Resources */ = {isa = PBXBuildFile; fileRef = 9226AC3B21AD34340084B166 /* LaunchScreen.storyboard */; };
		9226AC4021AD34340084B166 /* main.m in Sources */ = {isa = PBXBuildFile; fileRef = 9226AC3F21AD34340084B166 /* main.m */; };
		9226AC4821AE45470084B166 /* Presenter.m in Sources */ = {isa = PBXBuildFile; fileRef = 9226AC4721AE45470084B166 /* Presenter.m */; };
		9226AC5021AE45E50084B166 /* MvvmDemoTests.m in Sources */ = {isa = PBXBuildFile; fileRef = 9226AC4F21AE45E50084B166 /* MvvmDemoTests.m */; };
/* End PBXBuildFile section */

/* Begin PBXContainerItemProxy section */
		9226AC5221AE45E50084B166 /* PBXContainerItemProxy */ = {
			isa = PBXContainerItemProxy;
			containerPortal = 9226AC2521AD34320084B166 /* Project object */;
			proxyType = 1;
			remoteGlobalIDString = 9226AC2C21AD34320084B166;
			remoteInfo = MvvmDemo;
		};
/* End PBXContainerItemProxy section */

/* Begin PBXFileReference section */
		5210D286DFD0844F0F196BD7 /* Pods-MvvmDemo.debug.xcconfig */ = {isa = PBXFileReference; includeInIndex = 1; lastKnownFileType = text.xcconfig; name = "Pods-MvvmDemo.debug.xcconfig"; path = "Pods/Target Support Files/Pods-MvvmDemo/Pods-MvvmDemo.debug.xcconfig"; sourceTree = "<group>"; };
		9226AC2D21AD34320084B166 /* MvvmDemo.app */ = {isa = PBXFileReference; explicitFileType = wrapper.application; includeInIndex = 0; path = MvvmDemo.app; sourceTree = BUILT_PRODUCTS_DIR; };
		9226AC3021AD34320084B166 /* AppDelegate.h */ = {isa = PBXFileReference; lastKnownFileType = sourcecode.c.h; path = AppDelegate.h; sourceTree = "<group>"; };
		9226AC3121AD34320084B166 /* AppDelegate.m */ = {isa = PBXFileReference; lastKnownFileType = sourcecode.c.objc; path = AppDelegate.m; sourceTree = "<group>"; };
		9226AC3321AD34320084B166 /* ViewController.h */ = {isa = PBXFileReference; lastKnownFileType = sourcecode.c.h; path = ViewController.h; sourceTree = "<group>"; };
		9226AC3421AD34320084B166 /* ViewController.m */ = {isa = PBXFileReference; lastKnownFileType = sourcecode.c.objc; path = ViewController.m; sourceTree = "<group>"; };
		9226AC3721AD34320084B166 /* Base */ = {isa = PBXFileReference; lastKnownFileType = file.storyboard; name = Base; path = Base.lproj/Main.storyboard; sourceTree = "<group>"; };
		9226AC3921AD34340084B166 /* Assets.xcassets */ = {isa = PBXFileReference; lastKnownFileType = folder.assetcatalog; path = Assets.xcassets; sourceTree = "<group>"; };
		9226AC3C21AD34340084B166 /* Base */ = {isa = PBXFileReference; lastKnownFileType = file.storyboard; name = Base; path = Base.lproj/LaunchScreen.storyboard; sourceTree = "<group>"; };
		9226AC3E21AD34340084B166 /* Info.plist */ = {isa = PBXFileReference; lastKnownFileType = text.plist.xml; path = Info.plist; sourceTree = "<group>"; };
		9226AC3F21AD34340084B166 /* main.m */ = {isa = PBXFileReference; lastKnownFileType = sourcecode.c.objc; path = main.m; sourceTree = "<group>"; };
		9226AC4621AE45470084B166 /* Presenter.h */ = {isa = PBXFileReference; lastKnownFileType = sourcecode.c.h; path = Presenter.h; sourceTree = "<group>"; };
		9226AC4721AE45470084B166 /* Presenter.m */ = {isa = PBXFileReference; lastKnownFileType = sourcecode.c.objc; path = Presenter.m; sourceTree = "<group>"; };
		9226AC4D21AE45E50084B166 /* MvvmDemoTests.xctest */ = {isa = PBXFileReference; explicitFileType = wrapper.cfbundle; includeInIndex = 0; path = MvvmDemoTests.xctest; sourceTree = BUILT_PRODUCTS_DIR; };
		9226AC4F21AE45E50084B166 /* MvvmDemoTests.m */ = {isa = PBXFileReference; lastKnownFileType = sourcecode.c.objc; path = MvvmDemoTests.m; sourceTree = "<group>"; };
		9226AC5121AE45E50084B166 /* Info.plist */ = {isa = PBXFileReference; lastKnownFileType = text.plist.xml; path = Info.plist; sourceTree = "<group>"; };
		E52FF8460AD1EF80D1AB1C0D /* Pods-MvvmDemo.release.xcconfig */ = {isa = PBXFileReference; includeInIndex = 1; lastKnownFileType = text.xcconfig; name = "Pods-MvvmDemo.release.xcconfig"; path = "Pods/Target Support Files/Pods-MvvmDemo/Pods-MvvmDemo.release.xcconfig"; sourceTree = "<group>"; };
		FCAC5634EB222A0976772443 /* libPods-MvvmDemo.a */ = {isa = PBXFileReference; explicitFileType = archive.ar; includeInIndex = 0; path = "libPods-MvvmDemo.a"; sourceTree = BUILT_PRODUCTS_DIR; };
/* End PBXFileReference section */

/* Begin PBXFrameworksBuildPhase section */
		9226AC2A21AD34320084B166 /* Frameworks */ = {
			isa = PBXFrameworksBuildPhase;
			buildActionMask = 2147483647;
			files = (
				20A22DDE3AC43A46A9BC424D /* libPods-MvvmDemo.a in Frameworks */,
			);
			runOnlyForDeploymentPostprocessing = 0;
		};
		9226AC4A21AE45E50084B166 /* Frameworks */ = {
			isa = PBXFrameworksBuildPhase;
			buildActionMask = 2147483647;
			files = (
			);
			runOnlyForDeploymentPostprocessing = 0;
		};
/* End PBXFrameworksBuildPhase section */

/* Begin PBXGroup section */
		9226AC2421AD34320084B166 = {
			isa = PBXGroup;
			children = (
				9226AC2F21AD34320084B166 /* MvvmDemo */,
				9226AC4E21AE45E50084B166 /* MvvmDemoTests */,
				9226AC2E21AD34320084B166 /* Products */,
				C291A50A0DE9DAA54FE03E63 /* Pods */,
				DD936961BFB409AE422C53B2 /* Frameworks */,
			);
			sourceTree = "<group>";
		};
		9226AC2E21AD34320084B166 /* Products */ = {
			isa = PBXGroup;
			children = (
				9226AC2D21AD34320084B166 /* MvvmDemo.app */,
				9226AC4D21AE45E50084B166 /* MvvmDemoTests.xctest */,
			);
			name = Products;
			sourceTree = "<group>";
		};
		9226AC2F21AD34320084B166 /* MvvmDemo */ = {
			isa = PBXGroup;
			children = (
				9226AC3021AD34320084B166 /* AppDelegate.h */,
				9226AC3121AD34320084B166 /* AppDelegate.m */,
				9226AC3321AD34320084B166 /* ViewController.h */,
				9226AC3421AD34320084B166 /* ViewController.m */,
				9226AC4621AE45470084B166 /* Presenter.h */,
				9226AC4721AE45470084B166 /* Presenter.m */,
				9226AC3621AD34320084B166 /* Main.storyboard */,
				9226AC3921AD34340084B166 /* Assets.xcassets */,
				9226AC3B21AD34340084B166 /* LaunchScreen.storyboard */,
				9226AC3E21AD34340084B166 /* Info.plist */,
				9226AC3F21AD34340084B166 /* main.m */,
			);
			path = MvvmDemo;
			sourceTree = "<group>";
		};
		9226AC4E21AE45E50084B166 /* MvvmDemoTests */ = {
			isa = PBXGroup;
			children = (
				9226AC4F21AE45E50084B166 /* MvvmDemoTests.m */,
				9226AC5121AE45E50084B166 /* Info.plist */,
			);
			path = MvvmDemoTests;
			sourceTree = "<group>";
		};
		C291A50A0DE9DAA54FE03E63 /* Pods */ = {
			isa = PBXGroup;
			children = (
				5210D286DFD0844F0F196BD7 /* Pods-MvvmDemo.debug.xcconfig */,
				E52FF8460AD1EF80D1AB1C0D /* Pods-MvvmDemo.release.xcconfig */,
			);
			name = Pods;
			sourceTree = "<group>";
		};
		DD936961BFB409AE422C53B2 /* Frameworks */ = {
			isa = PBXGroup;
			children = (
				FCAC5634EB222A0976772443 /* libPods-MvvmDemo.a */,
			);
			name = Frameworks;
			sourceTree = "<group>";
		};
/* End PBXGroup section */

/* Begin PBXNativeTarget section */
		9226AC2C21AD34320084B166 /* MvvmDemo */ = {
			isa = PBXNativeTarget;
			buildConfigurationList = 9226AC4321AD34340084B166 /* Build configuration list for PBXNativeTarget "MvvmDemo" */;
			buildPhases = (
				89E85698D33D9AAE6FA3DBB0 /* [CP] Check Pods Manifest.lock */,
				9226AC2921AD34320084B166 /* Sources */,
				9226AC2A21AD34320084B166 /* Frameworks */,
				9226AC2B21AD34320084B166 /* Resources */,
			);
			buildRules = (
			);
			dependencies = (
			);
			name = MvvmDemo;
			productName = MvvmDemo;
			productReference = 9226AC2D21AD34320084B166 /* MvvmDemo.app */;
			productType = "com.apple.product-type.application";
		};
		9226AC4C21AE45E50084B166 /* MvvmDemoTests */ = {
			isa = PBXNativeTarget;
			buildConfigurationList = 9226AC5421AE45E50084B166 /* Build configuration list for PBXNativeTarget "MvvmDemoTests" */;
			buildPhases = (
				9226AC4921AE45E50084B166 /* Sources */,
				9226AC4A21AE45E50084B166 /* Frameworks */,
				9226AC4B21AE45E50084B166 /* Resources */,
			);
			buildRules = (
			);
			dependencies = (
				9226AC5321AE45E50084B166 /* PBXTargetDependency */,
			);
			name = MvvmDemoTests;
			productName = MvvmDemoTests;
			productReference = 9226AC4D21AE45E50084B166 /* MvvmDemoTests.xctest */;
			productType = "com.apple.product-type.bundle.unit-test";
		};
/* End PBXNativeTarget section */

/* Begin PBXProject section */
		9226AC2521AD34320084B166 /* Project object */ = {
			isa = PBXProject;
			attributes = {
				LastUpgradeCheck = 1010;
				ORGANIZATIONNAME = harrisonxi.com;
				TargetAttributes = {
					9226AC2C21AD34320084B166 = {
						CreatedOnToolsVersion = 10.1;
					};
					9226AC4C21AE45E50084B166 = {
						CreatedOnToolsVersion = 10.1;
						TestTargetID = 9226AC2C21AD34320084B166;
					};
				};
			};
			buildConfigurationList = 9226AC2821AD34320084B166 /* Build configuration list for PBXProject "MvvmDemo" */;
			compatibilityVersion = "Xcode 9.3";
			developmentRegion = en;
			hasScannedForEncodings = 0;
			knownRegions = (
				en,
				Base,
			);
			mainGroup = 9226AC2421AD34320084B166;
			productRefGroup = 9226AC2E21AD34320084B166 /* Products */;
			projectDirPath = "";
			projectRoot = "";
			targets = (
				9226AC2C21AD34320084B166 /* MvvmDemo */,
				9226AC4C21AE45E50084B166 /* MvvmDemoTests */,
			);
		};
/* End PBXProject section */

/* Begin PBXResourcesBuildPhase section */
		9226AC2B21AD34320084B166 /* Resources */ = {
			isa = PBXResourcesBuildPhase;
			buildActionMask = 2147483647;
			files = (
				9226AC3D21AD34340084B166 /* LaunchScreen.storyboard in Resources */,
				9226AC3A21AD34340084B166 /* Assets.xcassets in Resources */,
				9226AC3821AD34320084B166 /* Main.storyboard in Resources */,
			);
			runOnlyForDeploymentPostprocessing = 0;
		};
		9226AC4B21AE45E50084B166 /* Resources */ = {
			isa = PBXResourcesBuildPhase;
			buildActionMask = 2147483647;
			files = (
			);
			runOnlyForDeploymentPostprocessing = 0;
		};
/* End PBXResourcesBuildPhase section */

/* Begin PBXShellScriptBuildPhase section */
		89E85698D33D9AAE6FA3DBB0 /* [CP] Check Pods Manifest.lock */ = {
			isa = PBXShellScriptBuildPhase;
			buildActionMask = 2147483647;
			files = (
			);
			inputPaths = (
				"${PODS_PODFILE_DIR_PATH}/Podfile.lock",
				"${PODS_ROOT}/Manifest.lock",
			);
			name = "[CP] Check Pods Manifest.lock";
			outputPaths = (
				"$(DERIVED_FILE_DIR)/Pods-MvvmDemo-checkManifestLockResult.txt",
			);
			runOnlyForDeploymentPostprocessing = 0;
			shellPath = /bin/sh;
			shellScript = "diff \"${PODS_PODFILE_DIR_PATH}/Podfile.lock\" \"${PODS_ROOT}/Manifest.lock\" > /dev/null\nif [ $? != 0 ] ; then\n    # print error to STDERR\n    echo \"error: The sandbox is not in sync with the Podfile.lock. Run 'pod install' or update your CocoaPods installation.\" >&2\n    exit 1\nfi\n# This output is used by Xcode 'outputs' to avoid re-running this script phase.\necho \"SUCCESS\" > \"${SCRIPT_OUTPUT_FILE_0}\"\n";
			showEnvVarsInLog = 0;
		};
/* End PBXShellScriptBuildPhase section */

/* Begin PBXSourcesBuildPhase section */
		9226AC2921AD34320084B166 /* Sources */ = {
			isa = PBXSourcesBuildPhase;
			buildActionMask = 2147483647;
			files = (
				9226AC3521AD34320084B166 /* ViewController.m in Sources */,
				9226AC4021AD34340084B166 /* main.m in Sources */,
				9226AC4821AE45470084B166 /* Presenter.m in Sources */,
				9226AC3221AD34320084B166 /* AppDelegate.m in Sources */,
			);
			runOnlyForDeploymentPostprocessing = 0;
		};
		9226AC4921AE45E50084B166 /* Sources */ = {
			isa = PBXSourcesBuildPhase;
			buildActionMask = 2147483647;
			files = (
				9226AC5021AE45E50084B166 /* MvvmDemoTests.m in Sources */,
			);
			runOnlyForDeploymentPostprocessing = 0;
		};
/* End PBXSourcesBuildPhase section */

/* Begin PBXTargetDependency section */
		9226AC5321AE45E50084B166 /* PBXTargetDependency */ = {
			isa = PBXTargetDependency;
			target = 9226AC2C21AD34320084B166 /* MvvmDemo */;
			targetProxy = 9226AC5221AE45E50084B166 /* PBXContainerItemProxy */;
		};
/* End PBXTargetDependency section */

/* Begin PBXVariantGroup section */
		9226AC3621AD34320084B166 /* Main.storyboard */ = {
			isa = PBXVariantGroup;
			children = (
				9226AC3721AD34320084B166 /* Base */,
			);
			name = Main.storyboard;
			sourceTree = "<group>";
		};
		9226AC3B21AD34340084B166 /* LaunchScreen.storyboard */ = {
			isa = PBXVariantGroup;
			children = (
				9226AC3C21AD34340084B166 /* Base */,
			);
			name = LaunchScreen.storyboard;
			sourceTree = "<group>";
		};
/* End PBXVariantGroup section */

/* Begin XCBuildConfiguration section */
		9226AC4121AD34340084B166 /* Debug */ = {
			isa = XCBuildConfiguration;
			buildSettings = {
				ALWAYS_SEARCH_USER_PATHS = NO;
				CLANG_ANALYZER_NONNULL = YES;
				CLANG_ANALYZER_NUMBER_OBJECT_CONVERSION = YES_AGGRESSIVE;
				CLANG_CXX_LANGUAGE_STANDARD = "gnu++14";
				CLANG_CXX_LIBRARY = "libc++";
				CLANG_ENABLE_MODULES = YES;
				CLANG_ENABLE_OBJC_ARC = YES;
				CLANG_ENABLE_OBJC_WEAK = YES;
				CLANG_WARN_BLOCK_CAPTURE_AUTORELEASING = YES;
				CLANG_WARN_BOOL_CONVERSION = YES;
				CLANG_WARN_COMMA = YES;
				CLANG_WARN_CONSTANT_CONVERSION = YES;
				CLANG_WARN_DEPRECATED_OBJC_IMPLEMENTATIONS = YES;
				CLANG_WARN_DIRECT_OBJC_ISA_USAGE = YES_ERROR;
				CLANG_WARN_DOCUMENTATION_COMMENTS = YES;
				CLANG_WARN_EMPTY_BODY = YES;
				CLANG_WARN_ENUM_CONVERSION = YES;
				CLANG_WARN_INFINITE_RECURSION = YES;
				CLANG_WARN_INT_CONVERSION = YES;
				CLANG_WARN_NON_LITERAL_NULL_CONVERSION = YES;
				CLANG_WARN_OBJC_IMPLICIT_RETAIN_SELF = YES;
				CLANG_WARN_OBJC_LITERAL_CONVERSION = YES;
				CLANG_WARN_OBJC_ROOT_CLASS = YES_ERROR;
				CLANG_WARN_RANGE_LOOP_ANALYSIS = YES;
				CLANG_WARN_STRICT_PROTOTYPES = YES;
				CLANG_WARN_SUSPICIOUS_MOVE = YES;
				CLANG_WARN_UNGUARDED_AVAILABILITY = YES_AGGRESSIVE;
				CLANG_WARN_UNREACHABLE_CODE = YES;
				CLANG_WARN__DUPLICATE_METHOD_MATCH = YES;
				CODE_SIGN_IDENTITY = "iPhone Developer";
				COPY_PHASE_STRIP = NO;
				DEBUG_INFORMATION_FORMAT = dwarf;
				ENABLE_STRICT_OBJC_MSGSEND = YES;
				ENABLE_TESTABILITY = YES;
				GCC_C_LANGUAGE_STANDARD = gnu11;
				GCC_DYNAMIC_NO_PIC = NO;
				GCC_NO_COMMON_BLOCKS = YES;
				GCC_OPTIMIZATION_LEVEL = 0;
				GCC_PREPROCESSOR_DEFINITIONS = (
					"DEBUG=1",
					"$(inherited)",
				);
				GCC_WARN_64_TO_32_BIT_CONVERSION = YES;
				GCC_WARN_ABOUT_RETURN_TYPE = YES_ERROR;
				GCC_WARN_UNDECLARED_SELECTOR = YES;
				GCC_WARN_UNINITIALIZED_AUTOS = YES_AGGRESSIVE;
				GCC_WARN_UNUSED_FUNCTION = YES;
				GCC_WARN_UNUSED_VARIABLE = YES;
				IPHONEOS_DEPLOYMENT_TARGET = 8.0;
				MTL_ENABLE_DEBUG_INFO = INCLUDE_SOURCE;
				MTL_FAST_MATH = YES;
				ONLY_ACTIVE_ARCH = YES;
				SDKROOT = iphoneos;
			};
			name = Debug;
		};
		9226AC4221AD34340084B166 /* Release */ = {
			isa = XCBuildConfiguration;
			buildSettings = {
				ALWAYS_SEARCH_USER_PATHS = NO;
				CLANG_ANALYZER_NONNULL = YES;
				CLANG_ANALYZER_NUMBER_OBJECT_CONVERSION = YES_AGGRESSIVE;
				CLANG_CXX_LANGUAGE_STANDARD = "gnu++14";
				CLANG_CXX_LIBRARY = "libc++";
				CLANG_ENABLE_MODULES = YES;
				CLANG_ENABLE_OBJC_ARC = YES;
				CLANG_ENABLE_OBJC_WEAK = YES;
				CLANG_WARN_BLOCK_CAPTURE_AUTORELEASING = YES;
				CLANG_WARN_BOOL_CONVERSION = YES;
				CLANG_WARN_COMMA = YES;
				CLANG_WARN_CONSTANT_CONVERSION = YES;
				CLANG_WARN_DEPRECATED_OBJC_IMPLEMENTATIONS = YES;
				CLANG_WARN_DIRECT_OBJC_ISA_USAGE = YES_ERROR;
				CLANG_WARN_DOCUMENTATION_COMMENTS = YES;
				CLANG_WARN_EMPTY_BODY = YES;
				CLANG_WARN_ENUM_CONVERSION = YES;
				CLANG_WARN_INFINITE_RECURSION = YES;
				CLANG_WARN_INT_CONVERSION = YES;
				CLANG_WARN_NON_LITERAL_NULL_CONVERSION = YES;
				CLANG_WARN_OBJC_IMPLICIT_RETAIN_SELF = YES;
				CLANG_WARN_OBJC_LITERAL_CONVERSION = YES;
				CLANG_WARN_OBJC_ROOT_CLASS = YES_ERROR;
				CLANG_WARN_RANGE_LOOP_ANALYSIS = YES;
				CLANG_WARN_STRICT_PROTOTYPES = YES;
				CLANG_WARN_SUSPICIOUS_MOVE = YES;
				CLANG_WARN_UNGUARDED_AVAILABILITY = YES_AGGRESSIVE;
				CLANG_WARN_UNREACHABLE_CODE = YES;
				CLANG_WARN__DUPLICATE_METHOD_MATCH = YES;
				CODE_SIGN_IDENTITY = "iPhone Developer";
				COPY_PHASE_STRIP = NO;
				DEBUG_INFORMATION_FORMAT = "dwarf-with-dsym";
				ENABLE_NS_ASSERTIONS = NO;
				ENABLE_STRICT_OBJC_MSGSEND = YES;
				GCC_C_LANGUAGE_STANDARD = gnu11;
				GCC_NO_COMMON_BLOCKS = YES;
				GCC_WARN_64_TO_32_BIT_CONVERSION = YES;
				GCC_WARN_ABOUT_RETURN_TYPE = YES_ERROR;
				GCC_WARN_UNDECLARED_SELECTOR = YES;
				GCC_WARN_UNINITIALIZED_AUTOS = YES_AGGRESSIVE;
				GCC_WARN_UNUSED_FUNCTION = YES;
				GCC_WARN_UNUSED_VARIABLE = YES;
				IPHONEOS_DEPLOYMENT_TARGET = 8.0;
				MTL_ENABLE_DEBUG_INFO = NO;
				MTL_FAST_MATH = YES;
				SDKROOT = iphoneos;
				VALIDATE_PRODUCT = YES;
			};
			name = Release;
		};
		9226AC4421AD34340084B166 /* Debug */ = {
			isa = XCBuildConfiguration;
			baseConfigurationReference = 5210D286DFD0844F0F196BD7 /* Pods-MvvmDemo.debug.xcconfig */;
			buildSettings = {
				ASSETCATALOG_COMPILER_APPICON_NAME = AppIcon;
				CODE_SIGN_STYLE = Automatic;
				INFOPLIST_FILE = MvvmDemo/Info.plist;
				LD_RUNPATH_SEARCH_PATHS = (
					"$(inherited)",
					"@executable_path/Frameworks",
				);
				PRODUCT_BUNDLE_IDENTIFIER = com.harrisonxi.MvvmDemo;
				PRODUCT_NAME = "$(TARGET_NAME)";
				TARGETED_DEVICE_FAMILY = "1,2";
			};
			name = Debug;
		};
		9226AC4521AD34340084B166 /* Release */ = {
			isa = XCBuildConfiguration;
			baseConfigurationReference = E52FF8460AD1EF80D1AB1C0D /* Pods-MvvmDemo.release.xcconfig */;
			buildSettings = {
				ASSETCATALOG_COMPILER_APPICON_NAME = AppIcon;
				CODE_SIGN_STYLE = Automatic;
				INFOPLIST_FILE = MvvmDemo/Info.plist;
				LD_RUNPATH_SEARCH_PATHS = (
					"$(inherited)",
					"@executable_path/Frameworks",
				);
				PRODUCT_BUNDLE_IDENTIFIER = com.harrisonxi.MvvmDemo;
				PRODUCT_NAME = "$(TARGET_NAME)";
				TARGETED_DEVICE_FAMILY = "1,2";
			};
			name = Release;
		};
		9226AC5521AE45E50084B166 /* Debug */ = {
			isa = XCBuildConfiguration;
			buildSettings = {
				BUNDLE_LOADER = "$(TEST_HOST)";
				CODE_SIGN_STYLE = Automatic;
				INFOPLIST_FILE = MvvmDemoTests/Info.plist;
				IPHONEOS_DEPLOYMENT_TARGET = 12.1;
				LD_RUNPATH_SEARCH_PATHS = (
					"$(inherited)",
					"@executable_path/Frameworks",
					"@loader_path/Frameworks",
				);
				PRODUCT_BUNDLE_IDENTIFIER = com.harrisonxi.MvvmDemoTests;
				PRODUCT_NAME = "$(TARGET_NAME)";
				TARGETED_DEVICE_FAMILY = "1,2";
				TEST_HOST = "$(BUILT_PRODUCTS_DIR)/MvvmDemo.app/MvvmDemo";
			};
			name = Debug;
		};
		9226AC5621AE45E50084B166 /* Release */ = {
			isa = XCBuildConfiguration;
			buildSettings = {
				BUNDLE_LOADER = "$(TEST_HOST)";
				CODE_SIGN_STYLE = Automatic;
				INFOPLIST_FILE = MvvmDemoTests/Info.plist;
				IPHONEOS_DEPLOYMENT_TARGET = 12.1;
				LD_RUNPATH_SEARCH_PATHS = (
					"$(inherited)",
					"@executable_path/Frameworks",
					"@loader_path/Frameworks",
				);
				PRODUCT_BUNDLE_IDENTIFIER = com.harrisonxi.MvvmDemoTests;
				PRODUCT_NAME = "$(TARGET_NAME)";
				TARGETED_DEVICE_FAMILY = "1,2";
				TEST_HOST = "$(BUILT_PRODUCTS_DIR)/MvvmDemo.app/MvvmDemo";
			};
			name = Release;
		};
/* End XCBuildConfiguration section */

/* Begin XCConfigurationList section */
		9226AC2821AD34320084B166 /* Build configuration list for PBXProject "MvvmDemo" */ = {
			isa = XCConfigurationList;
			buildConfigurations = (
				9226AC4121AD34340084B166 /* Debug */,
				9226AC4221AD34340084B166 /* Release */,
			);
			defaultConfigurationIsVisible = 0;
			defaultConfigurationName = Release;
		};
		9226AC4321AD34340084B166 /* Build configuration list for PBXNativeTarget "MvvmDemo" */ = {
			isa = XCConfigurationList;
			buildConfigurations = (
				9226AC4421AD34340084B166 /* Debug */,
				9226AC4521AD34340084B166 /* Release */,
			);
			defaultConfigurationIsVisible = 0;
			defaultConfigurationName = Release;
		};
		9226AC5421AE45E50084B166 /* Build configuration list for PBXNativeTarget "MvvmDemoTests" */ = {
			isa = XCConfigurationList;
			buildConfigurations = (
				9226AC5521AE45E50084B166 /* Debug */,
				9226AC5621AE45E50084B166 /* Release */,
			);
			defaultConfigurationIsVisible = 0;
			defaultConfigurationName = Release;
		};
/* End XCConfigurationList section */
	};
	rootObject = 9226AC2521AD34320084B166 /* Project object */;
}
